// !$*UTF8*$!
{
	archiveVersion = 1;
	classes = {
	};
	objectVersion = 48;
	objects = {

/* Begin PBXBuildFile section */
		EC6C28B82274F1903F70B5C2 /* libPods-MyApp.a in Frameworks */ = {isa = PBXBuildFile; fileRef = 103C0E0448EC430745913147 /* libPods-MyApp.a */; };
		FB470805206252F30054CAD1 /* AppDelegate.m in Sources */ = {isa = PBXBuildFile; fileRef = FB470804206252F30054CAD1 /* AppDelegate.m */; };
		FB47080B206252F30054CAD1 /* Main.storyboard in Resources */ = {isa = PBXBuildFile; fileRef = FB470809206252F30054CAD1 /* Main.storyboard */; };
		FB47080D206252F30054CAD1 /* Assets.xcassets in Resources */ = {isa = PBXBuildFile; fileRef = FB47080C206252F30054CAD1 /* Assets.xcassets */; };
		FB470810206252F30054CAD1 /* LaunchScreen.storyboard in Resources */ = {isa = PBXBuildFile; fileRef = FB47080E206252F30054CAD1 /* LaunchScreen.storyboard */; };
		FB470813206252F30054CAD1 /* main.m in Sources */ = {isa = PBXBuildFile; fileRef = FB470812206252F30054CAD1 /* main.m */; };
		FB47083E206347CA0054CAD1 /* MyLaunchController.m in Sources */ = {isa = PBXBuildFile; fileRef = FB47083C206347CA0054CAD1 /* MyLaunchController.m */; };
		FB47083F206347CA0054CAD1 /* MyLaunchController.xib in Resources */ = {isa = PBXBuildFile; fileRef = FB47083D206347CA0054CAD1 /* MyLaunchController.xib */; };
		FB470847206354860054CAD1 /* UIViewController+Initialize.m in Sources */ = {isa = PBXBuildFile; fileRef = FB470846206354860054CAD1 /* UIViewController+Initialize.m */; };
		FB47084C206374E60054CAD1 /* MyControllerFactory.m in Sources */ = {isa = PBXBuildFile; fileRef = FB47084B206374E60054CAD1 /* MyControllerFactory.m */; };
		FB470852206375570054CAD1 /* MyTabBarController.m in Sources */ = {isa = PBXBuildFile; fileRef = FB470851206375570054CAD1 /* MyTabBarController.m */; };
		FB470859206378470054CAD1 /* MyNotepadController.m in Sources */ = {isa = PBXBuildFile; fileRef = FB470857206378470054CAD1 /* MyNotepadController.m */; };
		FB47085A206378470054CAD1 /* MyNotepadController.xib in Resources */ = {isa = PBXBuildFile; fileRef = FB470858206378470054CAD1 /* MyNotepadController.xib */; };
		FB470861206378830054CAD1 /* MyPhotoController.m in Sources */ = {isa = PBXBuildFile; fileRef = FB47085F206378830054CAD1 /* MyPhotoController.m */; };
		FB470862206378830054CAD1 /* MyPhotoController.xib in Resources */ = {isa = PBXBuildFile; fileRef = FB470860206378830054CAD1 /* MyPhotoController.xib */; };
		FB470869206378C00054CAD1 /* MyMoreController.m in Sources */ = {isa = PBXBuildFile; fileRef = FB470867206378C00054CAD1 /* MyMoreController.m */; };
		FB47086A206378C00054CAD1 /* MyMoreController.xib in Resources */ = {isa = PBXBuildFile; fileRef = FB470868206378C00054CAD1 /* MyMoreController.xib */; };
		FB47087120637C600054CAD1 /* MyMemorialDayController.m in Sources */ = {isa = PBXBuildFile; fileRef = FB47086F20637C600054CAD1 /* MyMemorialDayController.m */; };
		FB47087220637C600054CAD1 /* MyMemorialDayController.xib in Resources */ = {isa = PBXBuildFile; fileRef = FB47087020637C600054CAD1 /* MyMemorialDayController.xib */; };
		FB47087520637E650054CAD1 /* UIColor+Hex.m in Sources */ = {isa = PBXBuildFile; fileRef = FB47087420637E650054CAD1 /* UIColor+Hex.m */; };
		FB4708792063AA190054CAD1 /* Info.plist in Resources */ = {isa = PBXBuildFile; fileRef = FB4708782063AA190054CAD1 /* Info.plist */; };
		FB4708802063AA940054CAD1 /* MyAddController.m in Sources */ = {isa = PBXBuildFile; fileRef = FB47087E2063AA940054CAD1 /* MyAddController.m */; };
		FB4708812063AA940054CAD1 /* MyAddController.xib in Resources */ = {isa = PBXBuildFile; fileRef = FB47087F2063AA940054CAD1 /* MyAddController.xib */; };
		FB4708892063B14E0054CAD1 /* MyViewController.m in Sources */ = {isa = PBXBuildFile; fileRef = FB4708872063B14E0054CAD1 /* MyViewController.m */; };
		FB47088A2063B14E0054CAD1 /* MyViewController.xib in Resources */ = {isa = PBXBuildFile; fileRef = FB4708882063B14E0054CAD1 /* MyViewController.xib */; };
		FB47088D2064F58D0054CAD1 /* MySegmentView.m in Sources */ = {isa = PBXBuildFile; fileRef = FB47088C2064F58D0054CAD1 /* MySegmentView.m */; };
		FB4708902064F5A90054CAD1 /* MyBaseView.m in Sources */ = {isa = PBXBuildFile; fileRef = FB47088F2064F5A90054CAD1 /* MyBaseView.m */; };
		FB4708932064F6100054CAD1 /* UIView+Constraint.m in Sources */ = {isa = PBXBuildFile; fileRef = FB4708922064F6100054CAD1 /* UIView+Constraint.m */; };
		FB4708962064FE6C0054CAD1 /* UIView+Frame.m in Sources */ = {isa = PBXBuildFile; fileRef = FB4708952064FE6C0054CAD1 /* UIView+Frame.m */; };
		FB470899206A0EDC0054CAD1 /* MyMemorialDayView.m in Sources */ = {isa = PBXBuildFile; fileRef = FB470898206A0ED70054CAD1 /* MyMemorialDayView.m */; };
		FB47089E206A1A820054CAD1 /* MyMemorialDayCell.m in Sources */ = {isa = PBXBuildFile; fileRef = FB47089C206A1A820054CAD1 /* MyMemorialDayCell.m */; };
		FB47089F206A1A820054CAD1 /* MyMemorialDayCell.xib in Resources */ = {isa = PBXBuildFile; fileRef = FB47089D206A1A820054CAD1 /* MyMemorialDayCell.xib */; };
		FB4708A2206A1D2C0054CAD1 /* MyDrawView.m in Sources */ = {isa = PBXBuildFile; fileRef = FB4708A1206A1D2C0054CAD1 /* MyDrawView.m */; };
		FB471471206A2BCF0054CAD1 /* UIView+Border.m in Sources */ = {isa = PBXBuildFile; fileRef = FB471470206A2BCF0054CAD1 /* UIView+Border.m */; };
		FB471475206A46060054CAD1 /* MyMemorialDayModel.m in Sources */ = {isa = PBXBuildFile; fileRef = FB471474206A46060054CAD1 /* MyMemorialDayModel.m */; };
		FB47147D206B1DAF0054CAD1 /* memorialDay.plist in Resources */ = {isa = PBXBuildFile; fileRef = FB47147C206B1DAF0054CAD1 /* memorialDay.plist */; };
		FB471480206B22900054CAD1 /* MyMemorialDayService.m in Sources */ = {isa = PBXBuildFile; fileRef = FB47147F206B22900054CAD1 /* MyMemorialDayService.m */; };
		FB471484206B5CD40054CAD1 /* MyDateTool.m in Sources */ = {isa = PBXBuildFile; fileRef = FB471483206B5CD40054CAD1 /* MyDateTool.m */; };
		FB471487206B5D930054CAD1 /* MyStringTool.m in Sources */ = {isa = PBXBuildFile; fileRef = FB471486206B5D930054CAD1 /* MyStringTool.m */; };
		FB47148A206B5EAD0054CAD1 /* UIView+Category.m in Sources */ = {isa = PBXBuildFile; fileRef = FB471489206B5EAD0054CAD1 /* UIView+Category.m */; };
		FB47148D206B5F5B0054CAD1 /* UILabel+AttributedString.m in Sources */ = {isa = PBXBuildFile; fileRef = FB47148C206B5F5B0054CAD1 /* UILabel+AttributedString.m */; };
		FB471490206B5FF60054CAD1 /* NSArray+Category.m in Sources */ = {isa = PBXBuildFile; fileRef = FB47148F206B5FF60054CAD1 /* NSArray+Category.m */; };
		FB471494206B77240054CAD1 /* MyMemorialDayDetailController.m in Sources */ = {isa = PBXBuildFile; fileRef = FB471492206B77240054CAD1 /* MyMemorialDayDetailController.m */; };
		FB471495206B77240054CAD1 /* MyMemorialDayDetailController.xib in Resources */ = {isa = PBXBuildFile; fileRef = FB471493206B77240054CAD1 /* MyMemorialDayDetailController.xib */; };
		FB4714A2206CB4960054CAD1 /* MyAlertView.m in Sources */ = {isa = PBXBuildFile; fileRef = FB4714A1206CB4960054CAD1 /* MyAlertView.m */; };
		FB4714A5206CBD2D0054CAD1 /* UIButton+Category.m in Sources */ = {isa = PBXBuildFile; fileRef = FB4714A4206CBD2D0054CAD1 /* UIButton+Category.m */; };
		FB4EB297206CDB1E00A5393B /* NSNotificationCenter+Category.m in Sources */ = {isa = PBXBuildFile; fileRef = FB4EB296206CDB1E00A5393B /* NSNotificationCenter+Category.m */; };
		FB4EB29E206CEB0F00A5393B /* MyMemorialDayEditController.m in Sources */ = {isa = PBXBuildFile; fileRef = FB4EB29C206CEB0F00A5393B /* MyMemorialDayEditController.m */; };
		FB4EB29F206CEB0F00A5393B /* MyMemorialDayEditController.xib in Resources */ = {isa = PBXBuildFile; fileRef = FB4EB29D206CEB0F00A5393B /* MyMemorialDayEditController.xib */; };
		FB4EB2A2206DCDF500A5393B /* MyTextField.m in Sources */ = {isa = PBXBuildFile; fileRef = FB4EB2A1206DCDF500A5393B /* MyTextField.m */; };
		FB4EB2A5206DCFE000A5393B /* MyBaseWithNibView.m in Sources */ = {isa = PBXBuildFile; fileRef = FB4EB2A4206DCFE000A5393B /* MyBaseWithNibView.m */; };
		FB4EB2AA206E192400A5393B /* MySigninController.m in Sources */ = {isa = PBXBuildFile; fileRef = FB4EB2A8206E192400A5393B /* MySigninController.m */; };
		FB4EB2AB206E192400A5393B /* MySigninController.xib in Resources */ = {isa = PBXBuildFile; fileRef = FB4EB2A9206E192400A5393B /* MySigninController.xib */; };
		FB4EB2AE2071C9D200A5393B /* MyBackView.m in Sources */ = {isa = PBXBuildFile; fileRef = FB4EB2AD2071C9D200A5393B /* MyBackView.m */; };
		FB4EB2B22071CA1F00A5393B /* MyBackView.xib in Resources */ = {isa = PBXBuildFile; fileRef = FB4EB2B12071CA1F00A5393B /* MyBackView.xib */; };
/* End PBXBuildFile section */

/* Begin PBXContainerItemProxy section */
		FB470819206252F40054CAD1 /* PBXContainerItemProxy */ = {
			isa = PBXContainerItemProxy;
			containerPortal = FB4707F8206252F30054CAD1 /* Project object */;
			proxyType = 1;
			remoteGlobalIDString = FB4707FF206252F30054CAD1;
			remoteInfo = MyApp;
		};
		FB470824206252F40054CAD1 /* PBXContainerItemProxy */ = {
			isa = PBXContainerItemProxy;
			containerPortal = FB4707F8206252F30054CAD1 /* Project object */;
			proxyType = 1;
			remoteGlobalIDString = FB4707FF206252F30054CAD1;
			remoteInfo = MyApp;
		};
/* End PBXContainerItemProxy section */

/* Begin PBXFileReference section */
		103C0E0448EC430745913147 /* libPods-MyApp.a */ = {isa = PBXFileReference; explicitFileType = archive.ar; includeInIndex = 0; path = "libPods-MyApp.a"; sourceTree = BUILT_PRODUCTS_DIR; };
		3B2BAE4B347D3739EC5C91EC /* Pods-MyApp.release.xcconfig */ = {isa = PBXFileReference; includeInIndex = 1; lastKnownFileType = text.xcconfig; name = "Pods-MyApp.release.xcconfig"; path = "Pods/Target Support Files/Pods-MyApp/Pods-MyApp.release.xcconfig"; sourceTree = "<group>"; };
		EB4DE36900C972DBE89F4820 /* Pods-MyApp.debug.xcconfig */ = {isa = PBXFileReference; includeInIndex = 1; lastKnownFileType = text.xcconfig; name = "Pods-MyApp.debug.xcconfig"; path = "Pods/Target Support Files/Pods-MyApp/Pods-MyApp.debug.xcconfig"; sourceTree = "<group>"; };
		FB470800206252F30054CAD1 /* MyApp.app */ = {isa = PBXFileReference; explicitFileType = wrapper.application; includeInIndex = 0; path = MyApp.app; sourceTree = BUILT_PRODUCTS_DIR; };
		FB470803206252F30054CAD1 /* AppDelegate.h */ = {isa = PBXFileReference; lastKnownFileType = sourcecode.c.h; path = AppDelegate.h; sourceTree = "<group>"; };
		FB470804206252F30054CAD1 /* AppDelegate.m */ = {isa = PBXFileReference; lastKnownFileType = sourcecode.c.objc; path = AppDelegate.m; sourceTree = "<group>"; };
		FB47080A206252F30054CAD1 /* Base */ = {isa = PBXFileReference; lastKnownFileType = file.storyboard; name = Base; path = Base.lproj/Main.storyboard; sourceTree = "<group>"; };
		FB47080C206252F30054CAD1 /* Assets.xcassets */ = {isa = PBXFileReference; lastKnownFileType = folder.assetcatalog; path = Assets.xcassets; sourceTree = "<group>"; };
		FB47080F206252F30054CAD1 /* Base */ = {isa = PBXFileReference; lastKnownFileType = file.storyboard; name = Base; path = Base.lproj/LaunchScreen.storyboard; sourceTree = "<group>"; };
		FB470812206252F30054CAD1 /* main.m */ = {isa = PBXFileReference; lastKnownFileType = sourcecode.c.objc; path = main.m; sourceTree = "<group>"; };
		FB470818206252F40054CAD1 /* MyAppTests.xctest */ = {isa = PBXFileReference; explicitFileType = wrapper.cfbundle; includeInIndex = 0; path = MyAppTests.xctest; sourceTree = BUILT_PRODUCTS_DIR; };
		FB470823206252F40054CAD1 /* MyAppUITests.xctest */ = {isa = PBXFileReference; explicitFileType = wrapper.cfbundle; includeInIndex = 0; path = MyAppUITests.xctest; sourceTree = BUILT_PRODUCTS_DIR; };
		FB47083B206347CA0054CAD1 /* MyLaunchController.h */ = {isa = PBXFileReference; lastKnownFileType = sourcecode.c.h; path = MyLaunchController.h; sourceTree = "<group>"; };
		FB47083C206347CA0054CAD1 /* MyLaunchController.m */ = {isa = PBXFileReference; lastKnownFileType = sourcecode.c.objc; path = MyLaunchController.m; sourceTree = "<group>"; };
		FB47083D206347CA0054CAD1 /* MyLaunchController.xib */ = {isa = PBXFileReference; lastKnownFileType = file.xib; path = MyLaunchController.xib; sourceTree = "<group>"; };
		FB470845206354860054CAD1 /* UIViewController+Initialize.h */ = {isa = PBXFileReference; lastKnownFileType = sourcecode.c.h; path = "UIViewController+Initialize.h"; sourceTree = "<group>"; };
		FB470846206354860054CAD1 /* UIViewController+Initialize.m */ = {isa = PBXFileReference; lastKnownFileType = sourcecode.c.objc; path = "UIViewController+Initialize.m"; sourceTree = "<group>"; };
		FB47084A206374E60054CAD1 /* MyControllerFactory.h */ = {isa = PBXFileReference; lastKnownFileType = sourcecode.c.h; path = MyControllerFactory.h; sourceTree = "<group>"; };
		FB47084B206374E60054CAD1 /* MyControllerFactory.m */ = {isa = PBXFileReference; lastKnownFileType = sourcecode.c.objc; path = MyControllerFactory.m; sourceTree = "<group>"; };
		FB470850206375570054CAD1 /* MyTabBarController.h */ = {isa = PBXFileReference; lastKnownFileType = sourcecode.c.h; path = MyTabBarController.h; sourceTree = "<group>"; };
		FB470851206375570054CAD1 /* MyTabBarController.m */ = {isa = PBXFileReference; lastKnownFileType = sourcecode.c.objc; path = MyTabBarController.m; sourceTree = "<group>"; };
		FB470856206378470054CAD1 /* MyNotepadController.h */ = {isa = PBXFileReference; lastKnownFileType = sourcecode.c.h; path = MyNotepadController.h; sourceTree = "<group>"; };
		FB470857206378470054CAD1 /* MyNotepadController.m */ = {isa = PBXFileReference; lastKnownFileType = sourcecode.c.objc; path = MyNotepadController.m; sourceTree = "<group>"; };
		FB470858206378470054CAD1 /* MyNotepadController.xib */ = {isa = PBXFileReference; lastKnownFileType = file.xib; path = MyNotepadController.xib; sourceTree = "<group>"; };
		FB47085E206378830054CAD1 /* MyPhotoController.h */ = {isa = PBXFileReference; lastKnownFileType = sourcecode.c.h; path = MyPhotoController.h; sourceTree = "<group>"; };
		FB47085F206378830054CAD1 /* MyPhotoController.m */ = {isa = PBXFileReference; lastKnownFileType = sourcecode.c.objc; path = MyPhotoController.m; sourceTree = "<group>"; };
		FB470860206378830054CAD1 /* MyPhotoController.xib */ = {isa = PBXFileReference; lastKnownFileType = file.xib; path = MyPhotoController.xib; sourceTree = "<group>"; };
		FB470866206378C00054CAD1 /* MyMoreController.h */ = {isa = PBXFileReference; lastKnownFileType = sourcecode.c.h; path = MyMoreController.h; sourceTree = "<group>"; };
		FB470867206378C00054CAD1 /* MyMoreController.m */ = {isa = PBXFileReference; lastKnownFileType = sourcecode.c.objc; path = MyMoreController.m; sourceTree = "<group>"; };
		FB470868206378C00054CAD1 /* MyMoreController.xib */ = {isa = PBXFileReference; lastKnownFileType = file.xib; path = MyMoreController.xib; sourceTree = "<group>"; };
		FB47086E20637C600054CAD1 /* MyMemorialDayController.h */ = {isa = PBXFileReference; lastKnownFileType = sourcecode.c.h; path = MyMemorialDayController.h; sourceTree = "<group>"; };
		FB47086F20637C600054CAD1 /* MyMemorialDayController.m */ = {isa = PBXFileReference; lastKnownFileType = sourcecode.c.objc; path = MyMemorialDayController.m; sourceTree = "<group>"; };
		FB47087020637C600054CAD1 /* MyMemorialDayController.xib */ = {isa = PBXFileReference; lastKnownFileType = file.xib; path = MyMemorialDayController.xib; sourceTree = "<group>"; };
		FB47087320637E650054CAD1 /* UIColor+Hex.h */ = {isa = PBXFileReference; lastKnownFileType = sourcecode.c.h; path = "UIColor+Hex.h"; sourceTree = "<group>"; };
		FB47087420637E650054CAD1 /* UIColor+Hex.m */ = {isa = PBXFileReference; lastKnownFileType = sourcecode.c.objc; path = "UIColor+Hex.m"; sourceTree = "<group>"; };
		FB4708772063A8FB0054CAD1 /* Macro.h */ = {isa = PBXFileReference; lastKnownFileType = sourcecode.c.h; path = Macro.h; sourceTree = "<group>"; };
		FB4708782063AA190054CAD1 /* Info.plist */ = {isa = PBXFileReference; fileEncoding = 4; lastKnownFileType = text.plist.xml; name = Info.plist; path = MyApp/Info.plist; sourceTree = SOURCE_ROOT; };
		FB47087D2063AA940054CAD1 /* MyAddController.h */ = {isa = PBXFileReference; lastKnownFileType = sourcecode.c.h; path = MyAddController.h; sourceTree = "<group>"; };
		FB47087E2063AA940054CAD1 /* MyAddController.m */ = {isa = PBXFileReference; lastKnownFileType = sourcecode.c.objc; path = MyAddController.m; sourceTree = "<group>"; };
		FB47087F2063AA940054CAD1 /* MyAddController.xib */ = {isa = PBXFileReference; lastKnownFileType = file.xib; path = MyAddController.xib; sourceTree = "<group>"; };
		FB4708862063B14E0054CAD1 /* MyViewController.h */ = {isa = PBXFileReference; lastKnownFileType = sourcecode.c.h; path = MyViewController.h; sourceTree = "<group>"; };
		FB4708872063B14E0054CAD1 /* MyViewController.m */ = {isa = PBXFileReference; lastKnownFileType = sourcecode.c.objc; path = MyViewController.m; sourceTree = "<group>"; };
		FB4708882063B14E0054CAD1 /* MyViewController.xib */ = {isa = PBXFileReference; lastKnownFileType = file.xib; path = MyViewController.xib; sourceTree = "<group>"; };
		FB47088B2064F58D0054CAD1 /* MySegmentView.h */ = {isa = PBXFileReference; lastKnownFileType = sourcecode.c.h; path = MySegmentView.h; sourceTree = "<group>"; };
		FB47088C2064F58D0054CAD1 /* MySegmentView.m */ = {isa = PBXFileReference; lastKnownFileType = sourcecode.c.objc; path = MySegmentView.m; sourceTree = "<group>"; };
		FB47088E2064F5A90054CAD1 /* MyBaseView.h */ = {isa = PBXFileReference; lastKnownFileType = sourcecode.c.h; path = MyBaseView.h; sourceTree = "<group>"; };
		FB47088F2064F5A90054CAD1 /* MyBaseView.m */ = {isa = PBXFileReference; lastKnownFileType = sourcecode.c.objc; path = MyBaseView.m; sourceTree = "<group>"; };
		FB4708912064F6100054CAD1 /* UIView+Constraint.h */ = {isa = PBXFileReference; lastKnownFileType = sourcecode.c.h; path = "UIView+Constraint.h"; sourceTree = "<group>"; };
		FB4708922064F6100054CAD1 /* UIView+Constraint.m */ = {isa = PBXFileReference; lastKnownFileType = sourcecode.c.objc; path = "UIView+Constraint.m"; sourceTree = "<group>"; };
		FB4708942064FE6C0054CAD1 /* UIView+Frame.h */ = {isa = PBXFileReference; lastKnownFileType = sourcecode.c.h; path = "UIView+Frame.h"; sourceTree = "<group>"; };
		FB4708952064FE6C0054CAD1 /* UIView+Frame.m */ = {isa = PBXFileReference; lastKnownFileType = sourcecode.c.objc; path = "UIView+Frame.m"; sourceTree = "<group>"; };
		FB470897206A0ED70054CAD1 /* MyMemorialDayView.h */ = {isa = PBXFileReference; lastKnownFileType = sourcecode.c.h; path = MyMemorialDayView.h; sourceTree = "<group>"; };
		FB470898206A0ED70054CAD1 /* MyMemorialDayView.m */ = {isa = PBXFileReference; lastKnownFileType = sourcecode.c.objc; path = MyMemorialDayView.m; sourceTree = "<group>"; };
		FB47089B206A1A820054CAD1 /* MyMemorialDayCell.h */ = {isa = PBXFileReference; lastKnownFileType = sourcecode.c.h; path = MyMemorialDayCell.h; sourceTree = "<group>"; };
		FB47089C206A1A820054CAD1 /* MyMemorialDayCell.m */ = {isa = PBXFileReference; lastKnownFileType = sourcecode.c.objc; path = MyMemorialDayCell.m; sourceTree = "<group>"; };
		FB47089D206A1A820054CAD1 /* MyMemorialDayCell.xib */ = {isa = PBXFileReference; lastKnownFileType = file.xib; path = MyMemorialDayCell.xib; sourceTree = "<group>"; };
		FB4708A0206A1D2C0054CAD1 /* MyDrawView.h */ = {isa = PBXFileReference; lastKnownFileType = sourcecode.c.h; path = MyDrawView.h; sourceTree = "<group>"; };
		FB4708A1206A1D2C0054CAD1 /* MyDrawView.m */ = {isa = PBXFileReference; lastKnownFileType = sourcecode.c.objc; path = MyDrawView.m; sourceTree = "<group>"; };
		FB47146F206A2BCF0054CAD1 /* UIView+Border.h */ = {isa = PBXFileReference; lastKnownFileType = sourcecode.c.h; path = "UIView+Border.h"; sourceTree = "<group>"; };
		FB471470206A2BCF0054CAD1 /* UIView+Border.m */ = {isa = PBXFileReference; lastKnownFileType = sourcecode.c.objc; path = "UIView+Border.m"; sourceTree = "<group>"; };
		FB471473206A46060054CAD1 /* MyMemorialDayModel.h */ = {isa = PBXFileReference; lastKnownFileType = sourcecode.c.h; path = MyMemorialDayModel.h; sourceTree = "<group>"; };
		FB471474206A46060054CAD1 /* MyMemorialDayModel.m */ = {isa = PBXFileReference; lastKnownFileType = sourcecode.c.objc; path = MyMemorialDayModel.m; sourceTree = "<group>"; };
		FB47147C206B1DAF0054CAD1 /* memorialDay.plist */ = {isa = PBXFileReference; lastKnownFileType = text.plist.xml; path = memorialDay.plist; sourceTree = "<group>"; };
		FB47147E206B22900054CAD1 /* MyMemorialDayService.h */ = {isa = PBXFileReference; lastKnownFileType = sourcecode.c.h; path = MyMemorialDayService.h; sourceTree = "<group>"; };
		FB47147F206B22900054CAD1 /* MyMemorialDayService.m */ = {isa = PBXFileReference; lastKnownFileType = sourcecode.c.objc; path = MyMemorialDayService.m; sourceTree = "<group>"; };
		FB471482206B5CD40054CAD1 /* MyDateTool.h */ = {isa = PBXFileReference; lastKnownFileType = sourcecode.c.h; path = MyDateTool.h; sourceTree = "<group>"; };
		FB471483206B5CD40054CAD1 /* MyDateTool.m */ = {isa = PBXFileReference; lastKnownFileType = sourcecode.c.objc; path = MyDateTool.m; sourceTree = "<group>"; };
		FB471485206B5D930054CAD1 /* MyStringTool.h */ = {isa = PBXFileReference; lastKnownFileType = sourcecode.c.h; path = MyStringTool.h; sourceTree = "<group>"; };
		FB471486206B5D930054CAD1 /* MyStringTool.m */ = {isa = PBXFileReference; lastKnownFileType = sourcecode.c.objc; path = MyStringTool.m; sourceTree = "<group>"; };
		FB471488206B5EAD0054CAD1 /* UIView+Category.h */ = {isa = PBXFileReference; lastKnownFileType = sourcecode.c.h; path = "UIView+Category.h"; sourceTree = "<group>"; };
		FB471489206B5EAD0054CAD1 /* UIView+Category.m */ = {isa = PBXFileReference; lastKnownFileType = sourcecode.c.objc; path = "UIView+Category.m"; sourceTree = "<group>"; };
		FB47148B206B5F5B0054CAD1 /* UILabel+AttributedString.h */ = {isa = PBXFileReference; lastKnownFileType = sourcecode.c.h; path = "UILabel+AttributedString.h"; sourceTree = "<group>"; };
		FB47148C206B5F5B0054CAD1 /* UILabel+AttributedString.m */ = {isa = PBXFileReference; lastKnownFileType = sourcecode.c.objc; path = "UILabel+AttributedString.m"; sourceTree = "<group>"; };
		FB47148E206B5FF60054CAD1 /* NSArray+Category.h */ = {isa = PBXFileReference; lastKnownFileType = sourcecode.c.h; path = "NSArray+Category.h"; sourceTree = "<group>"; };
		FB47148F206B5FF60054CAD1 /* NSArray+Category.m */ = {isa = PBXFileReference; lastKnownFileType = sourcecode.c.objc; path = "NSArray+Category.m"; sourceTree = "<group>"; };
		FB471491206B77240054CAD1 /* MyMemorialDayDetailController.h */ = {isa = PBXFileReference; lastKnownFileType = sourcecode.c.h; path = MyMemorialDayDetailController.h; sourceTree = "<group>"; };
		FB471492206B77240054CAD1 /* MyMemorialDayDetailController.m */ = {isa = PBXFileReference; lastKnownFileType = sourcecode.c.objc; path = MyMemorialDayDetailController.m; sourceTree = "<group>"; };
		FB471493206B77240054CAD1 /* MyMemorialDayDetailController.xib */ = {isa = PBXFileReference; lastKnownFileType = file.xib; path = MyMemorialDayDetailController.xib; sourceTree = "<group>"; };
		FB4714A0206CB4960054CAD1 /* MyAlertView.h */ = {isa = PBXFileReference; lastKnownFileType = sourcecode.c.h; path = MyAlertView.h; sourceTree = "<group>"; };
		FB4714A1206CB4960054CAD1 /* MyAlertView.m */ = {isa = PBXFileReference; lastKnownFileType = sourcecode.c.objc; path = MyAlertView.m; sourceTree = "<group>"; };
		FB4714A3206CBD2D0054CAD1 /* UIButton+Category.h */ = {isa = PBXFileReference; lastKnownFileType = sourcecode.c.h; path = "UIButton+Category.h"; sourceTree = "<group>"; };
		FB4714A4206CBD2D0054CAD1 /* UIButton+Category.m */ = {isa = PBXFileReference; lastKnownFileType = sourcecode.c.objc; path = "UIButton+Category.m"; sourceTree = "<group>"; };
		FB4EB295206CDB1E00A5393B /* NSNotificationCenter+Category.h */ = {isa = PBXFileReference; lastKnownFileType = sourcecode.c.h; path = "NSNotificationCenter+Category.h"; sourceTree = "<group>"; };
		FB4EB296206CDB1E00A5393B /* NSNotificationCenter+Category.m */ = {isa = PBXFileReference; lastKnownFileType = sourcecode.c.objc; path = "NSNotificationCenter+Category.m"; sourceTree = "<group>"; };
		FB4EB29B206CEB0F00A5393B /* MyMemorialDayEditController.h */ = {isa = PBXFileReference; lastKnownFileType = sourcecode.c.h; path = MyMemorialDayEditController.h; sourceTree = "<group>"; };
		FB4EB29C206CEB0F00A5393B /* MyMemorialDayEditController.m */ = {isa = PBXFileReference; lastKnownFileType = sourcecode.c.objc; path = MyMemorialDayEditController.m; sourceTree = "<group>"; };
		FB4EB29D206CEB0F00A5393B /* MyMemorialDayEditController.xib */ = {isa = PBXFileReference; lastKnownFileType = file.xib; path = MyMemorialDayEditController.xib; sourceTree = "<group>"; };
		FB4EB2A0206DCDF500A5393B /* MyTextField.h */ = {isa = PBXFileReference; lastKnownFileType = sourcecode.c.h; path = MyTextField.h; sourceTree = "<group>"; };
		FB4EB2A1206DCDF500A5393B /* MyTextField.m */ = {isa = PBXFileReference; lastKnownFileType = sourcecode.c.objc; path = MyTextField.m; sourceTree = "<group>"; };
		FB4EB2A3206DCFE000A5393B /* MyBaseWithNibView.h */ = {isa = PBXFileReference; lastKnownFileType = sourcecode.c.h; path = MyBaseWithNibView.h; sourceTree = "<group>"; };
		FB4EB2A4206DCFE000A5393B /* MyBaseWithNibView.m */ = {isa = PBXFileReference; lastKnownFileType = sourcecode.c.objc; path = MyBaseWithNibView.m; sourceTree = "<group>"; };
		FB4EB2A7206E192400A5393B /* MySigninController.h */ = {isa = PBXFileReference; lastKnownFileType = sourcecode.c.h; path = MySigninController.h; sourceTree = "<group>"; };
		FB4EB2A8206E192400A5393B /* MySigninController.m */ = {isa = PBXFileReference; lastKnownFileType = sourcecode.c.objc; path = MySigninController.m; sourceTree = "<group>"; };
		FB4EB2A9206E192400A5393B /* MySigninController.xib */ = {isa = PBXFileReference; lastKnownFileType = file.xib; path = MySigninController.xib; sourceTree = "<group>"; };
		FB4EB2AC2071C9D200A5393B /* MyBackView.h */ = {isa = PBXFileReference; lastKnownFileType = sourcecode.c.h; path = MyBackView.h; sourceTree = "<group>"; };
		FB4EB2AD2071C9D200A5393B /* MyBackView.m */ = {isa = PBXFileReference; lastKnownFileType = sourcecode.c.objc; path = MyBackView.m; sourceTree = "<group>"; };
		FB4EB2B12071CA1F00A5393B /* MyBackView.xib */ = {isa = PBXFileReference; lastKnownFileType = file.xib; path = MyBackView.xib; sourceTree = "<group>"; };
/* End PBXFileReference section */

/* Begin PBXFrameworksBuildPhase section */
		FB4707FD206252F30054CAD1 /* Frameworks */ = {
			isa = PBXFrameworksBuildPhase;
			buildActionMask = 2147483647;
			files = (
				EC6C28B82274F1903F70B5C2 /* libPods-MyApp.a in Frameworks */,
			);
			runOnlyForDeploymentPostprocessing = 0;
		};
		FB470815206252F40054CAD1 /* Frameworks */ = {
			isa = PBXFrameworksBuildPhase;
			buildActionMask = 2147483647;
			files = (
			);
			runOnlyForDeploymentPostprocessing = 0;
		};
		FB470820206252F40054CAD1 /* Frameworks */ = {
			isa = PBXFrameworksBuildPhase;
			buildActionMask = 2147483647;
			files = (
			);
			runOnlyForDeploymentPostprocessing = 0;
		};
/* End PBXFrameworksBuildPhase section */

/* Begin PBXGroup section */
		61E015D53AC4AEE5D1E67299 /* Pods */ = {
			isa = PBXGroup;
			children = (
				EB4DE36900C972DBE89F4820 /* Pods-MyApp.debug.xcconfig */,
				3B2BAE4B347D3739EC5C91EC /* Pods-MyApp.release.xcconfig */,
			);
			name = Pods;
			sourceTree = "<group>";
		};
		7100461E811D7E94B7636B95 /* Frameworks */ = {
			isa = PBXGroup;
			children = (
				103C0E0448EC430745913147 /* libPods-MyApp.a */,
			);
			name = Frameworks;
			sourceTree = "<group>";
		};
		FB4707F7206252F30054CAD1 = {
			isa = PBXGroup;
			children = (
				FB470802206252F30054CAD1 /* MyApp */,
				FB470801206252F30054CAD1 /* Products */,
				61E015D53AC4AEE5D1E67299 /* Pods */,
				7100461E811D7E94B7636B95 /* Frameworks */,
			);
			sourceTree = "<group>";
		};
		FB470801206252F30054CAD1 /* Products */ = {
			isa = PBXGroup;
			children = (
				FB470800206252F30054CAD1 /* MyApp.app */,
				FB470818206252F40054CAD1 /* MyAppTests.xctest */,
				FB470823206252F40054CAD1 /* MyAppUITests.xctest */,
			);
			name = Products;
			sourceTree = "<group>";
		};
		FB470802206252F30054CAD1 /* MyApp */ = {
			isa = PBXGroup;
			children = (
				FB470803206252F30054CAD1 /* AppDelegate.h */,
				FB470804206252F30054CAD1 /* AppDelegate.m */,
				FB471481206B5CB60054CAD1 /* Tool */,
				FB4708402063538E0054CAD1 /* Category */,
				FB471472206A45870054CAD1 /* Model */,
				FB470837206347220054CAD1 /* Modules */,
				FB471479206B1D400054CAD1 /* Service */,
				FB471478206B1D0F0054CAD1 /* DataPlistFile */,
				FB4708762063A8D10054CAD1 /* Files */,
				FB470809206252F30054CAD1 /* Main.storyboard */,
				FB47080C206252F30054CAD1 /* Assets.xcassets */,
				FB47080E206252F30054CAD1 /* LaunchScreen.storyboard */,
			);
			path = MyApp;
			sourceTree = "<group>";
		};
		FB470837206347220054CAD1 /* Modules */ = {
			isa = PBXGroup;
			children = (
				FB4EB2A6206E190300A5393B /* Signin */,
				FB4708822063B1060054CAD1 /* MyView */,
				FB470838206347520054CAD1 /* Launch */,
				FB47086B20637C320054CAD1 /* MemorialDay */,
				FB47085B206378580054CAD1 /* Photo */,
				FB47087A2063AA450054CAD1 /* Add */,
				FB470853206377DA0054CAD1 /* Notepad */,
				FB4708632063789E0054CAD1 /* More */,
				FB4708392063475E0054CAD1 /* Base */,
			);
			path = Modules;
			sourceTree = "<group>";
		};
		FB470838206347520054CAD1 /* Launch */ = {
			isa = PBXGroup;
			children = (
				FB47083B206347CA0054CAD1 /* MyLaunchController.h */,
				FB47083C206347CA0054CAD1 /* MyLaunchController.m */,
				FB47083D206347CA0054CAD1 /* MyLaunchController.xib */,
			);
			path = Launch;
			sourceTree = "<group>";
		};
		FB4708392063475E0054CAD1 /* Base */ = {
			isa = PBXGroup;
			children = (
				FB470849206373C50054CAD1 /* View */,
				FB470848206373BB0054CAD1 /* Controller */,
			);
			path = Base;
			sourceTree = "<group>";
		};
		FB4708402063538E0054CAD1 /* Category */ = {
			isa = PBXGroup;
			children = (
				FB470845206354860054CAD1 /* UIViewController+Initialize.h */,
				FB470846206354860054CAD1 /* UIViewController+Initialize.m */,
				FB47087320637E650054CAD1 /* UIColor+Hex.h */,
				FB47087420637E650054CAD1 /* UIColor+Hex.m */,
				FB4708912064F6100054CAD1 /* UIView+Constraint.h */,
				FB4708922064F6100054CAD1 /* UIView+Constraint.m */,
				FB4708942064FE6C0054CAD1 /* UIView+Frame.h */,
				FB4708952064FE6C0054CAD1 /* UIView+Frame.m */,
				FB47146F206A2BCF0054CAD1 /* UIView+Border.h */,
				FB471470206A2BCF0054CAD1 /* UIView+Border.m */,
				FB471488206B5EAD0054CAD1 /* UIView+Category.h */,
				FB471489206B5EAD0054CAD1 /* UIView+Category.m */,
				FB47148B206B5F5B0054CAD1 /* UILabel+AttributedString.h */,
				FB47148C206B5F5B0054CAD1 /* UILabel+AttributedString.m */,
				FB47148E206B5FF60054CAD1 /* NSArray+Category.h */,
				FB47148F206B5FF60054CAD1 /* NSArray+Category.m */,
				FB4714A3206CBD2D0054CAD1 /* UIButton+Category.h */,
				FB4714A4206CBD2D0054CAD1 /* UIButton+Category.m */,
				FB4EB295206CDB1E00A5393B /* NSNotificationCenter+Category.h */,
				FB4EB296206CDB1E00A5393B /* NSNotificationCenter+Category.m */,
			);
			path = Category;
			sourceTree = "<group>";
		};
		FB470848206373BB0054CAD1 /* Controller */ = {
			isa = PBXGroup;
			children = (
				FB47084A206374E60054CAD1 /* MyControllerFactory.h */,
				FB47084B206374E60054CAD1 /* MyControllerFactory.m */,
				FB470850206375570054CAD1 /* MyTabBarController.h */,
				FB470851206375570054CAD1 /* MyTabBarController.m */,
			);
			path = Controller;
			sourceTree = "<group>";
		};
		FB470849206373C50054CAD1 /* View */ = {
			isa = PBXGroup;
			children = (
				FB4EB2A3206DCFE000A5393B /* MyBaseWithNibView.h */,
				FB4EB2A4206DCFE000A5393B /* MyBaseWithNibView.m */,
				FB47088E2064F5A90054CAD1 /* MyBaseView.h */,
				FB47088F2064F5A90054CAD1 /* MyBaseView.m */,
				FB47088B2064F58D0054CAD1 /* MySegmentView.h */,
				FB47088C2064F58D0054CAD1 /* MySegmentView.m */,
				FB4708A0206A1D2C0054CAD1 /* MyDrawView.h */,
				FB4708A1206A1D2C0054CAD1 /* MyDrawView.m */,
				FB4714A0206CB4960054CAD1 /* MyAlertView.h */,
				FB4714A1206CB4960054CAD1 /* MyAlertView.m */,
				FB4EB2A0206DCDF500A5393B /* MyTextField.h */,
				FB4EB2A1206DCDF500A5393B /* MyTextField.m */,
				FB4EB2AC2071C9D200A5393B /* MyBackView.h */,
				FB4EB2AD2071C9D200A5393B /* MyBackView.m */,
				FB4EB2B12071CA1F00A5393B /* MyBackView.xib */,
			);
			path = View;
			sourceTree = "<group>";
		};
		FB470853206377DA0054CAD1 /* Notepad */ = {
			isa = PBXGroup;
			children = (
				FB470854206378020054CAD1 /* View */,
				FB470855206378080054CAD1 /* Controller */,
			);
			path = Notepad;
			sourceTree = "<group>";
		};
		FB470854206378020054CAD1 /* View */ = {
			isa = PBXGroup;
			children = (
			);
			path = View;
			sourceTree = "<group>";
		};
		FB470855206378080054CAD1 /* Controller */ = {
			isa = PBXGroup;
			children = (
				FB470856206378470054CAD1 /* MyNotepadController.h */,
				FB470857206378470054CAD1 /* MyNotepadController.m */,
				FB470858206378470054CAD1 /* MyNotepadController.xib */,
			);
			path = Controller;
			sourceTree = "<group>";
		};
		FB47085B206378580054CAD1 /* Photo */ = {
			isa = PBXGroup;
			children = (
				FB47085D2063786E0054CAD1 /* View */,
				FB47085C206378650054CAD1 /* Controller */,
			);
			path = Photo;
			sourceTree = "<group>";
		};
		FB47085C206378650054CAD1 /* Controller */ = {
			isa = PBXGroup;
			children = (
				FB47085E206378830054CAD1 /* MyPhotoController.h */,
				FB47085F206378830054CAD1 /* MyPhotoController.m */,
				FB470860206378830054CAD1 /* MyPhotoController.xib */,
			);
			path = Controller;
			sourceTree = "<group>";
		};
		FB47085D2063786E0054CAD1 /* View */ = {
			isa = PBXGroup;
			children = (
			);
			path = View;
			sourceTree = "<group>";
		};
		FB4708632063789E0054CAD1 /* More */ = {
			isa = PBXGroup;
			children = (
				FB470865206378AD0054CAD1 /* View */,
				FB470864206378A50054CAD1 /* Controller */,
			);
			path = More;
			sourceTree = "<group>";
		};
		FB470864206378A50054CAD1 /* Controller */ = {
			isa = PBXGroup;
			children = (
				FB470866206378C00054CAD1 /* MyMoreController.h */,
				FB470867206378C00054CAD1 /* MyMoreController.m */,
				FB470868206378C00054CAD1 /* MyMoreController.xib */,
			);
			path = Controller;
			sourceTree = "<group>";
		};
		FB470865206378AD0054CAD1 /* View */ = {
			isa = PBXGroup;
			children = (
			);
			path = View;
			sourceTree = "<group>";
		};
		FB47086B20637C320054CAD1 /* MemorialDay */ = {
			isa = PBXGroup;
			children = (
				FB47086D20637C480054CAD1 /* View */,
				FB47086C20637C400054CAD1 /* Controller */,
			);
			path = MemorialDay;
			sourceTree = "<group>";
		};
		FB47086C20637C400054CAD1 /* Controller */ = {
			isa = PBXGroup;
			children = (
				FB47086E20637C600054CAD1 /* MyMemorialDayController.h */,
				FB47086F20637C600054CAD1 /* MyMemorialDayController.m */,
				FB47087020637C600054CAD1 /* MyMemorialDayController.xib */,
				FB471491206B77240054CAD1 /* MyMemorialDayDetailController.h */,
				FB471492206B77240054CAD1 /* MyMemorialDayDetailController.m */,
				FB471493206B77240054CAD1 /* MyMemorialDayDetailController.xib */,
				FB4EB29B206CEB0F00A5393B /* MyMemorialDayEditController.h */,
				FB4EB29C206CEB0F00A5393B /* MyMemorialDayEditController.m */,
				FB4EB29D206CEB0F00A5393B /* MyMemorialDayEditController.xib */,
			);
			path = Controller;
			sourceTree = "<group>";
		};
		FB47086D20637C480054CAD1 /* View */ = {
			isa = PBXGroup;
			children = (
				FB47089A206A1A490054CAD1 /* Cell */,
				FB470897206A0ED70054CAD1 /* MyMemorialDayView.h */,
				FB470898206A0ED70054CAD1 /* MyMemorialDayView.m */,
			);
			path = View;
			sourceTree = "<group>";
		};
		FB4708762063A8D10054CAD1 /* Files */ = {
			isa = PBXGroup;
			children = (
				FB4708782063AA190054CAD1 /* Info.plist */,
				FB470812206252F30054CAD1 /* main.m */,
				FB4708772063A8FB0054CAD1 /* Macro.h */,
			);
			path = Files;
			sourceTree = "<group>";
		};
		FB47087A2063AA450054CAD1 /* Add */ = {
			isa = PBXGroup;
			children = (
				FB47087C2063AA6C0054CAD1 /* View */,
				FB47087B2063AA620054CAD1 /* Controller */,
			);
			path = Add;
			sourceTree = "<group>";
		};
		FB47087B2063AA620054CAD1 /* Controller */ = {
			isa = PBXGroup;
			children = (
				FB47087D2063AA940054CAD1 /* MyAddController.h */,
				FB47087E2063AA940054CAD1 /* MyAddController.m */,
				FB47087F2063AA940054CAD1 /* MyAddController.xib */,
			);
			path = Controller;
			sourceTree = "<group>";
		};
		FB47087C2063AA6C0054CAD1 /* View */ = {
			isa = PBXGroup;
			children = (
			);
			path = View;
			sourceTree = "<group>";
		};
		FB4708822063B1060054CAD1 /* MyView */ = {
			isa = PBXGroup;
			children = (
				FB4708842063B1250054CAD1 /* View */,
				FB4708832063B1140054CAD1 /* Controller */,
			);
			path = MyView;
			sourceTree = "<group>";
		};
		FB4708832063B1140054CAD1 /* Controller */ = {
			isa = PBXGroup;
			children = (
				FB4708862063B14E0054CAD1 /* MyViewController.h */,
				FB4708872063B14E0054CAD1 /* MyViewController.m */,
				FB4708882063B14E0054CAD1 /* MyViewController.xib */,
			);
			path = Controller;
			sourceTree = "<group>";
		};
		FB4708842063B1250054CAD1 /* View */ = {
			isa = PBXGroup;
			children = (
			);
			path = View;
			sourceTree = "<group>";
		};
		FB47089A206A1A490054CAD1 /* Cell */ = {
			isa = PBXGroup;
			children = (
				FB47089B206A1A820054CAD1 /* MyMemorialDayCell.h */,
				FB47089C206A1A820054CAD1 /* MyMemorialDayCell.m */,
				FB47089D206A1A820054CAD1 /* MyMemorialDayCell.xib */,
			);
			path = Cell;
			sourceTree = "<group>";
		};
		FB471472206A45870054CAD1 /* Model */ = {
			isa = PBXGroup;
			children = (
				FB471473206A46060054CAD1 /* MyMemorialDayModel.h */,
				FB471474206A46060054CAD1 /* MyMemorialDayModel.m */,
			);
			path = Model;
			sourceTree = "<group>";
		};
		FB471478206B1D0F0054CAD1 /* DataPlistFile */ = {
			isa = PBXGroup;
			children = (
				FB47147C206B1DAF0054CAD1 /* memorialDay.plist */,
			);
			path = DataPlistFile;
			sourceTree = "<group>";
		};
		FB471479206B1D400054CAD1 /* Service */ = {
			isa = PBXGroup;
			children = (
				FB47147E206B22900054CAD1 /* MyMemorialDayService.h */,
				FB47147F206B22900054CAD1 /* MyMemorialDayService.m */,
			);
			path = Service;
			sourceTree = "<group>";
		};
		FB471481206B5CB60054CAD1 /* Tool */ = {
			isa = PBXGroup;
			children = (
				FB471482206B5CD40054CAD1 /* MyDateTool.h */,
				FB471483206B5CD40054CAD1 /* MyDateTool.m */,
				FB471485206B5D930054CAD1 /* MyStringTool.h */,
				FB471486206B5D930054CAD1 /* MyStringTool.m */,
			);
			path = Tool;
			sourceTree = "<group>";
		};
		FB4EB2A6206E190300A5393B /* Signin */ = {
			isa = PBXGroup;
			children = (
				FB4EB2A7206E192400A5393B /* MySigninController.h */,
				FB4EB2A8206E192400A5393B /* MySigninController.m */,
				FB4EB2A9206E192400A5393B /* MySigninController.xib */,
			);
			path = Signin;
			sourceTree = "<group>";
		};
/* End PBXGroup section */

/* Begin PBXNativeTarget section */
		FB4707FF206252F30054CAD1 /* MyApp */ = {
			isa = PBXNativeTarget;
			buildConfigurationList = FB47082C206252F40054CAD1 /* Build configuration list for PBXNativeTarget "MyApp" */;
			buildPhases = (
				F80FC84652F452CA66CF49E0 /* [CP] Check Pods Manifest.lock */,
				FB4707FC206252F30054CAD1 /* Sources */,
				FB4707FD206252F30054CAD1 /* Frameworks */,
				FB4707FE206252F30054CAD1 /* Resources */,
				DF11AFCC4093E8595574085A /* [CP] Embed Pods Frameworks */,
				8F9D1A532CB5FF00C95BF504 /* [CP] Copy Pods Resources */,
			);
			buildRules = (
			);
			dependencies = (
			);
			name = MyApp;
			productName = MyApp;
			productReference = FB470800206252F30054CAD1 /* MyApp.app */;
			productType = "com.apple.product-type.application";
		};
		FB470817206252F40054CAD1 /* MyAppTests */ = {
			isa = PBXNativeTarget;
			buildConfigurationList = FB47082F206252F40054CAD1 /* Build configuration list for PBXNativeTarget "MyAppTests" */;
			buildPhases = (
				FB470814206252F40054CAD1 /* Sources */,
				FB470815206252F40054CAD1 /* Frameworks */,
				FB470816206252F40054CAD1 /* Resources */,
			);
			buildRules = (
			);
			dependencies = (
				FB47081A206252F40054CAD1 /* PBXTargetDependency */,
			);
			name = MyAppTests;
			productName = MyAppTests;
			productReference = FB470818206252F40054CAD1 /* MyAppTests.xctest */;
			productType = "com.apple.product-type.bundle.unit-test";
		};
		FB470822206252F40054CAD1 /* MyAppUITests */ = {
			isa = PBXNativeTarget;
			buildConfigurationList = FB470832206252F40054CAD1 /* Build configuration list for PBXNativeTarget "MyAppUITests" */;
			buildPhases = (
				FB47081F206252F40054CAD1 /* Sources */,
				FB470820206252F40054CAD1 /* Frameworks */,
				FB470821206252F40054CAD1 /* Resources */,
			);
			buildRules = (
			);
			dependencies = (
				FB470825206252F40054CAD1 /* PBXTargetDependency */,
			);
			name = MyAppUITests;
			productName = MyAppUITests;
			productReference = FB470823206252F40054CAD1 /* MyAppUITests.xctest */;
			productType = "com.apple.product-type.bundle.ui-testing";
		};
/* End PBXNativeTarget section */

/* Begin PBXProject section */
		FB4707F8206252F30054CAD1 /* Project object */ = {
			isa = PBXProject;
			attributes = {
				LastUpgradeCheck = 0910;
				ORGANIZATIONNAME = Theresa.Ma;
				TargetAttributes = {
					FB4707FF206252F30054CAD1 = {
						CreatedOnToolsVersion = 9.1;
						ProvisioningStyle = Automatic;
					};
					FB470817206252F40054CAD1 = {
						CreatedOnToolsVersion = 9.1;
						ProvisioningStyle = Automatic;
						TestTargetID = FB4707FF206252F30054CAD1;
					};
					FB470822206252F40054CAD1 = {
						CreatedOnToolsVersion = 9.1;
						ProvisioningStyle = Automatic;
						TestTargetID = FB4707FF206252F30054CAD1;
					};
				};
			};
			buildConfigurationList = FB4707FB206252F30054CAD1 /* Build configuration list for PBXProject "MyApp" */;
			compatibilityVersion = "Xcode 8.0";
			developmentRegion = en;
			hasScannedForEncodings = 0;
			knownRegions = (
				en,
				Base,
			);
			mainGroup = FB4707F7206252F30054CAD1;
			productRefGroup = FB470801206252F30054CAD1 /* Products */;
			projectDirPath = "";
			projectRoot = "";
			targets = (
				FB4707FF206252F30054CAD1 /* MyApp */,
				FB470817206252F40054CAD1 /* MyAppTests */,
				FB470822206252F40054CAD1 /* MyAppUITests */,
			);
		};
/* End PBXProject section */

/* Begin PBXResourcesBuildPhase section */
		FB4707FE206252F30054CAD1 /* Resources */ = {
			isa = PBXResourcesBuildPhase;
			buildActionMask = 2147483647;
			files = (
				FB47147D206B1DAF0054CAD1 /* memorialDay.plist in Resources */,
				FB47088A2063B14E0054CAD1 /* MyViewController.xib in Resources */,
				FB47083F206347CA0054CAD1 /* MyLaunchController.xib in Resources */,
				FB470810206252F30054CAD1 /* LaunchScreen.storyboard in Resources */,
				FB4708792063AA190054CAD1 /* Info.plist in Resources */,
				FB4708812063AA940054CAD1 /* MyAddController.xib in Resources */,
				FB47087220637C600054CAD1 /* MyMemorialDayController.xib in Resources */,
				FB4EB2B22071CA1F00A5393B /* MyBackView.xib in Resources */,
				FB471495206B77240054CAD1 /* MyMemorialDayDetailController.xib in Resources */,
				FB470862206378830054CAD1 /* MyPhotoController.xib in Resources */,
				FB4EB2AB206E192400A5393B /* MySigninController.xib in Resources */,
				FB47085A206378470054CAD1 /* MyNotepadController.xib in Resources */,
				FB47089F206A1A820054CAD1 /* MyMemorialDayCell.xib in Resources */,
				FB47086A206378C00054CAD1 /* MyMoreController.xib in Resources */,
				FB4EB29F206CEB0F00A5393B /* MyMemorialDayEditController.xib in Resources */,
				FB47080D206252F30054CAD1 /* Assets.xcassets in Resources */,
				FB47080B206252F30054CAD1 /* Main.storyboard in Resources */,
			);
			runOnlyForDeploymentPostprocessing = 0;
		};
		FB470816206252F40054CAD1 /* Resources */ = {
			isa = PBXResourcesBuildPhase;
			buildActionMask = 2147483647;
			files = (
			);
			runOnlyForDeploymentPostprocessing = 0;
		};
		FB470821206252F40054CAD1 /* Resources */ = {
			isa = PBXResourcesBuildPhase;
			buildActionMask = 2147483647;
			files = (
			);
			runOnlyForDeploymentPostprocessing = 0;
		};
/* End PBXResourcesBuildPhase section */

/* Begin PBXShellScriptBuildPhase section */
		8F9D1A532CB5FF00C95BF504 /* [CP] Copy Pods Resources */ = {
			isa = PBXShellScriptBuildPhase;
			buildActionMask = 2147483647;
			files = (
			);
			inputPaths = (
			);
			name = "[CP] Copy Pods Resources";
			outputPaths = (
			);
			runOnlyForDeploymentPostprocessing = 0;
			shellPath = /bin/sh;
			shellScript = "\"${SRCROOT}/Pods/Target Support Files/Pods-MyApp/Pods-MyApp-resources.sh\"\n";
			showEnvVarsInLog = 0;
		};
		DF11AFCC4093E8595574085A /* [CP] Embed Pods Frameworks */ = {
			isa = PBXShellScriptBuildPhase;
			buildActionMask = 2147483647;
			files = (
			);
			inputPaths = (
			);
			name = "[CP] Embed Pods Frameworks";
			outputPaths = (
			);
			runOnlyForDeploymentPostprocessing = 0;
			shellPath = /bin/sh;
			shellScript = "\"${SRCROOT}/Pods/Target Support Files/Pods-MyApp/Pods-MyApp-frameworks.sh\"\n";
			showEnvVarsInLog = 0;
		};
		F80FC84652F452CA66CF49E0 /* [CP] Check Pods Manifest.lock */ = {
			isa = PBXShellScriptBuildPhase;
			buildActionMask = 2147483647;
			files = (
			);
			inputPaths = (
			);
			name = "[CP] Check Pods Manifest.lock";
			outputPaths = (
			);
			runOnlyForDeploymentPostprocessing = 0;
			shellPath = /bin/sh;
			shellScript = "diff \"${PODS_ROOT}/../Podfile.lock\" \"${PODS_ROOT}/Manifest.lock\" > /dev/null\nif [ $? != 0 ] ; then\n    # print error to STDERR\n    echo \"error: The sandbox is not in sync with the Podfile.lock. Run 'pod install' or update your CocoaPods installation.\" >&2\n    exit 1\nfi\n";
			showEnvVarsInLog = 0;
		};
/* End PBXShellScriptBuildPhase section */

/* Begin PBXSourcesBuildPhase section */
		FB4707FC206252F30054CAD1 /* Sources */ = {
			isa = PBXSourcesBuildPhase;
			buildActionMask = 2147483647;
			files = (
				FB47084C206374E60054CAD1 /* MyControllerFactory.m in Sources */,
				FB471487206B5D930054CAD1 /* MyStringTool.m in Sources */,
				FB470859206378470054CAD1 /* MyNotepadController.m in Sources */,
				FB471475206A46060054CAD1 /* MyMemorialDayModel.m in Sources */,
				FB4708A2206A1D2C0054CAD1 /* MyDrawView.m in Sources */,
				FB471494206B77240054CAD1 /* MyMemorialDayDetailController.m in Sources */,
				FB47148D206B5F5B0054CAD1 /* UILabel+AttributedString.m in Sources */,
				FB47087120637C600054CAD1 /* MyMemorialDayController.m in Sources */,
				FB47148A206B5EAD0054CAD1 /* UIView+Category.m in Sources */,
				FB470861206378830054CAD1 /* MyPhotoController.m in Sources */,
				FB4708902064F5A90054CAD1 /* MyBaseView.m in Sources */,
				FB470813206252F30054CAD1 /* main.m in Sources */,
				FB4EB297206CDB1E00A5393B /* NSNotificationCenter+Category.m in Sources */,
				FB470805206252F30054CAD1 /* AppDelegate.m in Sources */,
				FB471484206B5CD40054CAD1 /* MyDateTool.m in Sources */,
				FB4714A5206CBD2D0054CAD1 /* UIButton+Category.m in Sources */,
				FB470899206A0EDC0054CAD1 /* MyMemorialDayView.m in Sources */,
				FB4EB2AA206E192400A5393B /* MySigninController.m in Sources */,
				FB4708932064F6100054CAD1 /* UIView+Constraint.m in Sources */,
				FB470847206354860054CAD1 /* UIViewController+Initialize.m in Sources */,
				FB4708802063AA940054CAD1 /* MyAddController.m in Sources */,
				FB47083E206347CA0054CAD1 /* MyLaunchController.m in Sources */,
				FB47087520637E650054CAD1 /* UIColor+Hex.m in Sources */,
				FB47088D2064F58D0054CAD1 /* MySegmentView.m in Sources */,
				FB4EB29E206CEB0F00A5393B /* MyMemorialDayEditController.m in Sources */,
				FB4EB2A5206DCFE000A5393B /* MyBaseWithNibView.m in Sources */,
				FB470869206378C00054CAD1 /* MyMoreController.m in Sources */,
				FB4708962064FE6C0054CAD1 /* UIView+Frame.m in Sources */,
				FB471490206B5FF60054CAD1 /* NSArray+Category.m in Sources */,
				FB4EB2AE2071C9D200A5393B /* MyBackView.m in Sources */,
				FB470852206375570054CAD1 /* MyTabBarController.m in Sources */,
				FB4714A2206CB4960054CAD1 /* MyAlertView.m in Sources */,
				FB471471206A2BCF0054CAD1 /* UIView+Border.m in Sources */,
				FB471480206B22900054CAD1 /* MyMemorialDayService.m in Sources */,
				FB4EB2A2206DCDF500A5393B /* MyTextField.m in Sources */,
				FB47089E206A1A820054CAD1 /* MyMemorialDayCell.m in Sources */,
				FB4708892063B14E0054CAD1 /* MyViewController.m in Sources */,
			);
			runOnlyForDeploymentPostprocessing = 0;
		};
		FB470814206252F40054CAD1 /* Sources */ = {
			isa = PBXSourcesBuildPhase;
			buildActionMask = 2147483647;
			files = (
			);
			runOnlyForDeploymentPostprocessing = 0;
		};
		FB47081F206252F40054CAD1 /* Sources */ = {
			isa = PBXSourcesBuildPhase;
			buildActionMask = 2147483647;
			files = (
			);
			runOnlyForDeploymentPostprocessing = 0;
		};
/* End PBXSourcesBuildPhase section */

/* Begin PBXTargetDependency section */
		FB47081A206252F40054CAD1 /* PBXTargetDependency */ = {
			isa = PBXTargetDependency;
			target = FB4707FF206252F30054CAD1 /* MyApp */;
			targetProxy = FB470819206252F40054CAD1 /* PBXContainerItemProxy */;
		};
		FB470825206252F40054CAD1 /* PBXTargetDependency */ = {
			isa = PBXTargetDependency;
			target = FB4707FF206252F30054CAD1 /* MyApp */;
			targetProxy = FB470824206252F40054CAD1 /* PBXContainerItemProxy */;
		};
/* End PBXTargetDependency section */

/* Begin PBXVariantGroup section */
		FB470809206252F30054CAD1 /* Main.storyboard */ = {
			isa = PBXVariantGroup;
			children = (
				FB47080A206252F30054CAD1 /* Base */,
			);
			name = Main.storyboard;
			sourceTree = "<group>";
		};
		FB47080E206252F30054CAD1 /* LaunchScreen.storyboard */ = {
			isa = PBXVariantGroup;
			children = (
				FB47080F206252F30054CAD1 /* Base */,
			);
			name = LaunchScreen.storyboard;
			sourceTree = "<group>";
		};
/* End PBXVariantGroup section */

/* Begin XCBuildConfiguration section */
		FB47082A206252F40054CAD1 /* Debug */ = {
			isa = XCBuildConfiguration;
			buildSettings = {
				ALWAYS_SEARCH_USER_PATHS = NO;
				CLANG_ANALYZER_NONNULL = YES;
				CLANG_ANALYZER_NUMBER_OBJECT_CONVERSION = YES_AGGRESSIVE;
				CLANG_CXX_LANGUAGE_STANDARD = "gnu++14";
				CLANG_CXX_LIBRARY = "libc++";
				CLANG_ENABLE_MODULES = YES;
				CLANG_ENABLE_OBJC_ARC = YES;
				CLANG_WARN_BLOCK_CAPTURE_AUTORELEASING = YES;
				CLANG_WARN_BOOL_CONVERSION = YES;
				CLANG_WARN_COMMA = YES;
				CLANG_WARN_CONSTANT_CONVERSION = YES;
				CLANG_WARN_DIRECT_OBJC_ISA_USAGE = YES_ERROR;
				CLANG_WARN_DOCUMENTATION_COMMENTS = YES;
				CLANG_WARN_EMPTY_BODY = YES;
				CLANG_WARN_ENUM_CONVERSION = YES;
				CLANG_WARN_INFINITE_RECURSION = YES;
				CLANG_WARN_INT_CONVERSION = YES;
				CLANG_WARN_NON_LITERAL_NULL_CONVERSION = YES;
				CLANG_WARN_OBJC_LITERAL_CONVERSION = YES;
				CLANG_WARN_OBJC_ROOT_CLASS = YES_ERROR;
				CLANG_WARN_RANGE_LOOP_ANALYSIS = YES;
				CLANG_WARN_STRICT_PROTOTYPES = YES;
				CLANG_WARN_SUSPICIOUS_MOVE = YES;
				CLANG_WARN_UNGUARDED_AVAILABILITY = YES_AGGRESSIVE;
				CLANG_WARN_UNREACHABLE_CODE = YES;
				CLANG_WARN__DUPLICATE_METHOD_MATCH = YES;
				CODE_SIGN_IDENTITY = "iPhone Developer";
				COPY_PHASE_STRIP = NO;
				DEBUG_INFORMATION_FORMAT = dwarf;
				ENABLE_STRICT_OBJC_MSGSEND = YES;
				ENABLE_TESTABILITY = YES;
				GCC_C_LANGUAGE_STANDARD = gnu11;
				GCC_DYNAMIC_NO_PIC = NO;
				GCC_NO_COMMON_BLOCKS = YES;
				GCC_OPTIMIZATION_LEVEL = 0;
				GCC_PREPROCESSOR_DEFINITIONS = (
					"DEBUG=1",
					"$(inherited)",
				);
				GCC_WARN_64_TO_32_BIT_CONVERSION = YES;
				GCC_WARN_ABOUT_RETURN_TYPE = YES_ERROR;
				GCC_WARN_UNDECLARED_SELECTOR = YES;
				GCC_WARN_UNINITIALIZED_AUTOS = YES_AGGRESSIVE;
				GCC_WARN_UNUSED_FUNCTION = YES;
				GCC_WARN_UNUSED_VARIABLE = YES;
				IPHONEOS_DEPLOYMENT_TARGET = 11.1;
				MTL_ENABLE_DEBUG_INFO = YES;
				ONLY_ACTIVE_ARCH = YES;
				SDKROOT = iphoneos;
			};
			name = Debug;
		};
		FB47082B206252F40054CAD1 /* Release */ = {
			isa = XCBuildConfiguration;
			buildSettings = {
				ALWAYS_SEARCH_USER_PATHS = NO;
				CLANG_ANALYZER_NONNULL = YES;
				CLANG_ANALYZER_NUMBER_OBJECT_CONVERSION = YES_AGGRESSIVE;
				CLANG_CXX_LANGUAGE_STANDARD = "gnu++14";
				CLANG_CXX_LIBRARY = "libc++";
				CLANG_ENABLE_MODULES = YES;
				CLANG_ENABLE_OBJC_ARC = YES;
				CLANG_WARN_BLOCK_CAPTURE_AUTORELEASING = YES;
				CLANG_WARN_BOOL_CONVERSION = YES;
				CLANG_WARN_COMMA = YES;
				CLANG_WARN_CONSTANT_CONVERSION = YES;
				CLANG_WARN_DIRECT_OBJC_ISA_USAGE = YES_ERROR;
				CLANG_WARN_DOCUMENTATION_COMMENTS = YES;
				CLANG_WARN_EMPTY_BODY = YES;
				CLANG_WARN_ENUM_CONVERSION = YES;
				CLANG_WARN_INFINITE_RECURSION = YES;
				CLANG_WARN_INT_CONVERSION = YES;
				CLANG_WARN_NON_LITERAL_NULL_CONVERSION = YES;
				CLANG_WARN_OBJC_LITERAL_CONVERSION = YES;
				CLANG_WARN_OBJC_ROOT_CLASS = YES_ERROR;
				CLANG_WARN_RANGE_LOOP_ANALYSIS = YES;
				CLANG_WARN_STRICT_PROTOTYPES = YES;
				CLANG_WARN_SUSPICIOUS_MOVE = YES;
				CLANG_WARN_UNGUARDED_AVAILABILITY = YES_AGGRESSIVE;
				CLANG_WARN_UNREACHABLE_CODE = YES;
				CLANG_WARN__DUPLICATE_METHOD_MATCH = YES;
				CODE_SIGN_IDENTITY = "iPhone Developer";
				COPY_PHASE_STRIP = NO;
				DEBUG_INFORMATION_FORMAT = "dwarf-with-dsym";
				ENABLE_NS_ASSERTIONS = NO;
				ENABLE_STRICT_OBJC_MSGSEND = YES;
				GCC_C_LANGUAGE_STANDARD = gnu11;
				GCC_NO_COMMON_BLOCKS = YES;
				GCC_WARN_64_TO_32_BIT_CONVERSION = YES;
				GCC_WARN_ABOUT_RETURN_TYPE = YES_ERROR;
				GCC_WARN_UNDECLARED_SELECTOR = YES;
				GCC_WARN_UNINITIALIZED_AUTOS = YES_AGGRESSIVE;
				GCC_WARN_UNUSED_FUNCTION = YES;
				GCC_WARN_UNUSED_VARIABLE = YES;
				IPHONEOS_DEPLOYMENT_TARGET = 11.1;
				MTL_ENABLE_DEBUG_INFO = NO;
				SDKROOT = iphoneos;
				VALIDATE_PRODUCT = YES;
			};
			name = Release;
		};
		FB47082D206252F40054CAD1 /* Debug */ = {
			isa = XCBuildConfiguration;
			baseConfigurationReference = EB4DE36900C972DBE89F4820 /* Pods-MyApp.debug.xcconfig */;
			buildSettings = {
				ASSETCATALOG_COMPILER_APPICON_NAME = AppIcon;
				CODE_SIGN_STYLE = Automatic;
				DEVELOPMENT_TEAM = L7P43Y9V9W;
				INFOPLIST_FILE = MyApp/Info.plist;
				IPHONEOS_DEPLOYMENT_TARGET = 8.0;
				LD_RUNPATH_SEARCH_PATHS = "$(inherited) @executable_path/Frameworks";
				PRODUCT_BUNDLE_IDENTIFIER = com.MyApp;
				PRODUCT_NAME = "$(TARGET_NAME)";
				TARGETED_DEVICE_FAMILY = 1;
			};
			name = Debug;
		};
		FB47082E206252F40054CAD1 /* Release */ = {
			isa = XCBuildConfiguration;
			baseConfigurationReference = 3B2BAE4B347D3739EC5C91EC /* Pods-MyApp.release.xcconfig */;
			buildSettings = {
				ASSETCATALOG_COMPILER_APPICON_NAME = AppIcon;
				CODE_SIGN_STYLE = Automatic;
				DEVELOPMENT_TEAM = L7P43Y9V9W;
				INFOPLIST_FILE = MyApp/Info.plist;
				IPHONEOS_DEPLOYMENT_TARGET = 8.0;
				LD_RUNPATH_SEARCH_PATHS = "$(inherited) @executable_path/Frameworks";
				PRODUCT_BUNDLE_IDENTIFIER = com.MyApp;
				PRODUCT_NAME = "$(TARGET_NAME)";
				TARGETED_DEVICE_FAMILY = 1;
			};
			name = Release;
		};
		FB470830206252F40054CAD1 /* Debug */ = {
			isa = XCBuildConfiguration;
			buildSettings = {
				BUNDLE_LOADER = "$(TEST_HOST)";
				CODE_SIGN_STYLE = Automatic;
				DEVELOPMENT_TEAM = G55HVB83K4;
				INFOPLIST_FILE = MyAppTests/Info.plist;
				LD_RUNPATH_SEARCH_PATHS = "$(inherited) @executable_path/Frameworks @loader_path/Frameworks";
				PRODUCT_BUNDLE_IDENTIFIER = com.myapp.MyAppTests;
				PRODUCT_NAME = "$(TARGET_NAME)";
				TARGETED_DEVICE_FAMILY = "1,2";
				TEST_HOST = "$(BUILT_PRODUCTS_DIR)/MyApp.app/MyApp";
			};
			name = Debug;
		};
		FB470831206252F40054CAD1 /* Release */ = {
			isa = XCBuildConfiguration;
			buildSettings = {
				BUNDLE_LOADER = "$(TEST_HOST)";
				CODE_SIGN_STYLE = Automatic;
				DEVELOPMENT_TEAM = G55HVB83K4;
				INFOPLIST_FILE = MyAppTests/Info.plist;
				LD_RUNPATH_SEARCH_PATHS = "$(inherited) @executable_path/Frameworks @loader_path/Frameworks";
				PRODUCT_BUNDLE_IDENTIFIER = com.myapp.MyAppTests;
				PRODUCT_NAME = "$(TARGET_NAME)";
				TARGETED_DEVICE_FAMILY = "1,2";
				TEST_HOST = "$(BUILT_PRODUCTS_DIR)/MyApp.app/MyApp";
			};
			name = Release;
		};
		FB470833206252F40054CAD1 /* Debug */ = {
			isa = XCBuildConfiguration;
			buildSettings = {
				CODE_SIGN_STYLE = Automatic;
				DEVELOPMENT_TEAM = G55HVB83K4;
				INFOPLIST_FILE = MyAppUITests/Info.plist;
				LD_RUNPATH_SEARCH_PATHS = "$(inherited) @executable_path/Frameworks @loader_path/Frameworks";
				PRODUCT_BUNDLE_IDENTIFIER = com.myapp.MyAppUITests;
				PRODUCT_NAME = "$(TARGET_NAME)";
				TARGETED_DEVICE_FAMILY = "1,2";
				TEST_TARGET_NAME = MyApp;
			};
			name = Debug;
		};
		FB470834206252F40054CAD1 /* Release */ = {
			isa = XCBuildConfiguration;
			buildSettings = {
				CODE_SIGN_STYLE = Automatic;
				DEVELOPMENT_TEAM = G55HVB83K4;
				INFOPLIST_FILE = MyAppUITests/Info.plist;
				LD_RUNPATH_SEARCH_PATHS = "$(inherited) @executable_path/Frameworks @loader_path/Frameworks";
				PRODUCT_BUNDLE_IDENTIFIER = com.myapp.MyAppUITests;
				PRODUCT_NAME = "$(TARGET_NAME)";
				TARGETED_DEVICE_FAMILY = "1,2";
				TEST_TARGET_NAME = MyApp;
			};
			name = Release;
		};
/* End XCBuildConfiguration section */

/* Begin XCConfigurationList section */
		FB4707FB206252F30054CAD1 /* Build configuration list for PBXProject "MyApp" */ = {
			isa = XCConfigurationList;
			buildConfigurations = (
				FB47082A206252F40054CAD1 /* Debug */,
				FB47082B206252F40054CAD1 /* Release */,
			);
			defaultConfigurationIsVisible = 0;
			defaultConfigurationName = Release;
		};
		FB47082C206252F40054CAD1 /* Build configuration list for PBXNativeTarget "MyApp" */ = {
			isa = XCConfigurationList;
			buildConfigurations = (
				FB47082D206252F40054CAD1 /* Debug */,
				FB47082E206252F40054CAD1 /* Release */,
			);
			defaultConfigurationIsVisible = 0;
			defaultConfigurationName = Release;
		};
		FB47082F206252F40054CAD1 /* Build configuration list for PBXNativeTarget "MyAppTests" */ = {
			isa = XCConfigurationList;
			buildConfigurations = (
				FB470830206252F40054CAD1 /* Debug */,
				FB470831206252F40054CAD1 /* Release */,
			);
			defaultConfigurationIsVisible = 0;
			defaultConfigurationName = Release;
		};
		FB470832206252F40054CAD1 /* Build configuration list for PBXNativeTarget "MyAppUITests" */ = {
			isa = XCConfigurationList;
			buildConfigurations = (
				FB470833206252F40054CAD1 /* Debug */,
				FB470834206252F40054CAD1 /* Release */,
			);
			defaultConfigurationIsVisible = 0;
			defaultConfigurationName = Release;
		};
/* End XCConfigurationList section */
	};
	rootObject = FB4707F8206252F30054CAD1 /* Project object */;
}
